PODS:
  - CryptoSwift (0.10.0)
  - SwiftyBootpay (2.0.5):
    - CryptoSwift

DEPENDENCIES:
  - SwiftyBootpay (from `../`)

SPEC REPOS:
  https://github.com/cocoapods/specs.git:
    - CryptoSwift

EXTERNAL SOURCES:
  SwiftyBootpay:
    :path: "../"

SPEC CHECKSUMS:
  CryptoSwift: 6c778d69282bed3b4e975ff97a79d074f20bb011
  SwiftyBootpay: 033d42c1353500b9324cba0b54dcc447a506d88a

PODFILE CHECKSUM: ef15bd16c934d0c22d94d271dc8a8ed7ecde8720

COCOAPODS: 1.5.3
